
Microsoft Visual Studio Solution File, Format Version 12.00
# Visual Studio Version 16
VisualStudioVersion = 16.0.29728.190
MinimumVisualStudioVersion = 10.0.40219.1
Project("{FAE04EC0-301F-11D3-BF4B-00C04F79EFBC}") = "VitrineMvc", "VitrineMvc\VitrineMvc.csproj", "{8BF6A066-517E-4341-AAA2-250D52787A65}"
EndProject
Global
	GlobalSection(SolutionConfigurationPlatforms) = preSolution
		Debug|Any CPU = Debug|Any CPU
		Release|Any CPU = Release|Any CPU
	EndGlobalSection
	GlobalSection(ProjectConfigurationPlatforms) = postSolution
		{8BF6A066-517E-4341-AAA2-250D52787A65}.Debug|Any CPU.ActiveCfg = Debug|Any CPU
		{8BF6A066-517E-4341-AAA2-250D52787A65}.Debug|Any CPU.Build.0 = Debug|Any CPU
		{8BF6A066-517E-4341-AAA2-250D52787A65}.Release|Any CPU.ActiveCfg = Release|Any CPU
		{8BF6A066-517E-4341-AAA2-250D52787A65}.Release|Any CPU.Build.0 = Release|Any CPU
	EndGlobalSection
	GlobalSection(SolutionProperties) = preSolution
		HideSolutionNode = FALSE
	EndGlobalSection
	GlobalSection(ExtensibilityGlobals) = postSolution
		SolutionGuid = {B45613B6-0CE9-43EF-AE23-D37ADDBD8E8C}
	EndGlobalSection
EndGlobal
